// !$*UTF8*$!
{
   archiveVersion = "1";
   objectVersion = "46";
   objects = {
      "OBJ_1" = {
         isa = "PBXProject";
         attributes = {
            LastUpgradeCheck = "9999";
         };
         buildConfigurationList = "OBJ_2";
         compatibilityVersion = "Xcode 3.2";
         developmentRegion = "English";
         hasScannedForEncodings = "0";
         knownRegions = (
            "en"
         );
         mainGroup = "OBJ_5";
         productRefGroup = "OBJ_59";
         projectDirPath = ".";
         targets = (
            "SGLImage::SGLImage",
            "SGLImage::SwiftPMPackageDescription",
            "SGLMath::SGLMath",
            "SGLMath::SwiftPMPackageDescription",
            "SGLOpenGL::SGLOpenGL",
            "SGLOpenGL::SwiftPMPackageDescription",
            "SGLMath::Tools",
            "SGLOpenGL::glgen",
            "main::main",
            "main::SwiftPMPackageDescription",
            "SGLMath::swizgen::ProductTarget"
         );
      };
      "OBJ_10" = {
         isa = "PBXFileReference";
         path = "main.swift";
         sourceTree = "<group>";
      };
      "OBJ_100" = {
         isa = "PBXBuildFile";
         fileRef = "OBJ_37";
      };
      "OBJ_101" = {
         isa = "PBXBuildFile";
         fileRef = "OBJ_38";
      };
      "OBJ_102" = {
         isa = "PBXBuildFile";
         fileRef = "OBJ_39";
      };
      "OBJ_103" = {
         isa = "PBXBuildFile";
         fileRef = "OBJ_40";
      };
      "OBJ_104" = {
         isa = "PBXBuildFile";
         fileRef = "OBJ_41";
      };
      "OBJ_105" = {
         isa = "PBXBuildFile";
         fileRef = "OBJ_42";
      };
      "OBJ_106" = {
         isa = "PBXBuildFile";
         fileRef = "OBJ_43";
      };
      "OBJ_107" = {
         isa = "PBXBuildFile";
         fileRef = "OBJ_44";
      };
      "OBJ_108" = {
         isa = "PBXBuildFile";
         fileRef = "OBJ_45";
      };
      "OBJ_109" = {
         isa = "PBXBuildFile";
         fileRef = "OBJ_46";
      };
      "OBJ_11" = {
         isa = "PBXGroup";
         children = (
         );
         name = "Tests";
         path = "";
         sourceTree = "SOURCE_ROOT";
      };
      "OBJ_110" = {
         isa = "PBXBuildFile";
         fileRef = "OBJ_47";
      };
      "OBJ_111" = {
         isa = "PBXBuildFile";
         fileRef = "OBJ_48";
      };
      "OBJ_112" = {
         isa = "PBXFrameworksBuildPhase";
         files = (
         );
      };
      "OBJ_114" = {
         isa = "XCConfigurationList";
         buildConfigurations = (
            "OBJ_115",
            "OBJ_116"
         );
         defaultConfigurationIsVisible = "0";
         defaultConfigurationName = "Release";
      };
      "OBJ_115" = {
         isa = "XCBuildConfiguration";
         buildSettings = {
            LD = "/usr/bin/true";
            OTHER_SWIFT_FLAGS = (
               "-swift-version",
               "4",
               "-I",
               "$(TOOLCHAIN_DIR)/usr/lib/swift/pm/4",
               "-target",
               "x86_64-apple-macosx10.10",
               "-sdk",
               "/Applications/Xcode.app/Contents/Developer/Platforms/MacOSX.platform/Developer/SDKs/MacOSX10.14.sdk"
            );
            SWIFT_VERSION = "4.0";
         };
         name = "Debug";
      };
      "OBJ_116" = {
         isa = "XCBuildConfiguration";
         buildSettings = {
            LD = "/usr/bin/true";
            OTHER_SWIFT_FLAGS = (
               "-swift-version",
               "4",
               "-I",
               "$(TOOLCHAIN_DIR)/usr/lib/swift/pm/4",
               "-target",
               "x86_64-apple-macosx10.10",
               "-sdk",
               "/Applications/Xcode.app/Contents/Developer/Platforms/MacOSX.platform/Developer/SDKs/MacOSX10.14.sdk"
            );
            SWIFT_VERSION = "4.0";
         };
         name = "Release";
      };
      "OBJ_117" = {
         isa = "PBXSourcesBuildPhase";
         files = (
            "OBJ_118"
         );
      };
      "OBJ_118" = {
         isa = "PBXBuildFile";
         fileRef = "OBJ_49";
      };
      "OBJ_12" = {
         isa = "PBXGroup";
         children = (
            "OBJ_13",
            "OBJ_22",
            "OBJ_50"
         );
         name = "Dependencies";
         path = "";
         sourceTree = "<group>";
      };
      "OBJ_120" = {
         isa = "XCConfigurationList";
         buildConfigurations = (
            "OBJ_121",
            "OBJ_122"
         );
         defaultConfigurationIsVisible = "0";
         defaultConfigurationName = "Release";
      };
      "OBJ_121" = {
         isa = "XCBuildConfiguration";
         baseConfigurationReference = "OBJ_8";
         buildSettings = {
            ENABLE_TESTABILITY = "YES";
            FRAMEWORK_SEARCH_PATHS = (
               "$(inherited)",
               "$(PLATFORM_DIR)/Developer/Library/Frameworks"
            );
            HEADER_SEARCH_PATHS = (
               "$(inherited)"
            );
            INFOPLIST_FILE = "main.xcodeproj/SGLOpenGL_Info.plist";
            LD_RUNPATH_SEARCH_PATHS = (
               "$(inherited)",
               "$(TOOLCHAIN_DIR)/usr/lib/swift/macosx"
            );
            OTHER_CFLAGS = (
               "$(inherited)"
            );
            OTHER_LDFLAGS = (
               "$(inherited)"
            );
            OTHER_SWIFT_FLAGS = (
               "$(inherited)"
            );
            PRODUCT_BUNDLE_IDENTIFIER = "SGLOpenGL";
            PRODUCT_MODULE_NAME = "$(TARGET_NAME:c99extidentifier)";
            PRODUCT_NAME = "$(TARGET_NAME:c99extidentifier)";
            SKIP_INSTALL = "YES";
            SWIFT_ACTIVE_COMPILATION_CONDITIONS = (
               "$(inherited)"
            );
            SWIFT_VERSION = "4.0";
            TARGET_NAME = "SGLOpenGL";
         };
         name = "Debug";
      };
      "OBJ_122" = {
         isa = "XCBuildConfiguration";
         baseConfigurationReference = "OBJ_8";
         buildSettings = {
            ENABLE_TESTABILITY = "YES";
            FRAMEWORK_SEARCH_PATHS = (
               "$(inherited)",
               "$(PLATFORM_DIR)/Developer/Library/Frameworks"
            );
            HEADER_SEARCH_PATHS = (
               "$(inherited)"
            );
            INFOPLIST_FILE = "main.xcodeproj/SGLOpenGL_Info.plist";
            LD_RUNPATH_SEARCH_PATHS = (
               "$(inherited)",
               "$(TOOLCHAIN_DIR)/usr/lib/swift/macosx"
            );
            OTHER_CFLAGS = (
               "$(inherited)"
            );
            OTHER_LDFLAGS = (
               "$(inherited)"
            );
            OTHER_SWIFT_FLAGS = (
               "$(inherited)"
            );
            PRODUCT_BUNDLE_IDENTIFIER = "SGLOpenGL";
            PRODUCT_MODULE_NAME = "$(TARGET_NAME:c99extidentifier)";
            PRODUCT_NAME = "$(TARGET_NAME:c99extidentifier)";
            SKIP_INSTALL = "YES";
            SWIFT_ACTIVE_COMPILATION_CONDITIONS = (
               "$(inherited)"
            );
            SWIFT_VERSION = "4.0";
            TARGET_NAME = "SGLOpenGL";
         };
         name = "Release";
      };
      "OBJ_123" = {
         isa = "PBXSourcesBuildPhase";
         files = (
            "OBJ_124",
            "OBJ_125",
            "OBJ_126",
            "OBJ_127"
         );
      };
      "OBJ_124" = {
         isa = "PBXBuildFile";
         fileRef = "OBJ_54";
      };
      "OBJ_125" = {
         isa = "PBXBuildFile";
         fileRef = "OBJ_55";
      };
      "OBJ_126" = {
         isa = "PBXBuildFile";
         fileRef = "OBJ_56";
      };
      "OBJ_127" = {
         isa = "PBXBuildFile";
         fileRef = "OBJ_57";
      };
      "OBJ_128" = {
         isa = "PBXFrameworksBuildPhase";
         files = (
         );
      };
      "OBJ_13" = {
         isa = "PBXGroup";
         children = (
            "OBJ_14",
            "OBJ_21"
         );
         name = "SGLImage 2.2.0";
         path = "";
         sourceTree = "SOURCE_ROOT";
      };
      "OBJ_130" = {
         isa = "XCConfigurationList";
         buildConfigurations = (
            "OBJ_131",
            "OBJ_132"
         );
         defaultConfigurationIsVisible = "0";
         defaultConfigurationName = "Release";
      };
      "OBJ_131" = {
         isa = "XCBuildConfiguration";
         buildSettings = {
            LD = "/usr/bin/true";
            OTHER_SWIFT_FLAGS = (
               "-swift-version",
               "4",
               "-I",
               "$(TOOLCHAIN_DIR)/usr/lib/swift/pm/4",
               "-target",
               "x86_64-apple-macosx10.10",
               "-sdk",
               "/Applications/Xcode.app/Contents/Developer/Platforms/MacOSX.platform/Developer/SDKs/MacOSX10.14.sdk"
            );
            SWIFT_VERSION = "4.0";
         };
         name = "Debug";
      };
      "OBJ_132" = {
         isa = "XCBuildConfiguration";
         buildSettings = {
            LD = "/usr/bin/true";
            OTHER_SWIFT_FLAGS = (
               "-swift-version",
               "4",
               "-I",
               "$(TOOLCHAIN_DIR)/usr/lib/swift/pm/4",
               "-target",
               "x86_64-apple-macosx10.10",
               "-sdk",
               "/Applications/Xcode.app/Contents/Developer/Platforms/MacOSX.platform/Developer/SDKs/MacOSX10.14.sdk"
            );
            SWIFT_VERSION = "4.0";
         };
         name = "Release";
      };
      "OBJ_133" = {
         isa = "PBXSourcesBuildPhase";
         files = (
            "OBJ_134"
         );
      };
      "OBJ_134" = {
         isa = "PBXBuildFile";
         fileRef = "OBJ_58";
      };
      "OBJ_136" = {
         isa = "XCConfigurationList";
         buildConfigurations = (
            "OBJ_137",
            "OBJ_138"
         );
         defaultConfigurationIsVisible = "0";
         defaultConfigurationName = "Release";
      };
      "OBJ_137" = {
         isa = "XCBuildConfiguration";
         baseConfigurationReference = "OBJ_8";
         buildSettings = {
            FRAMEWORK_SEARCH_PATHS = (
               "$(inherited)",
               "$(PLATFORM_DIR)/Developer/Library/Frameworks"
            );
            HEADER_SEARCH_PATHS = (
               "$(inherited)"
            );
            INFOPLIST_FILE = "main.xcodeproj/Tools_Info.plist";
            LD_RUNPATH_SEARCH_PATHS = (
               "$(inherited)",
               "$(TOOLCHAIN_DIR)/usr/lib/swift/macosx",
               "@executable_path"
            );
            OTHER_CFLAGS = (
               "$(inherited)"
            );
            OTHER_LDFLAGS = (
               "$(inherited)"
            );
            OTHER_SWIFT_FLAGS = (
               "$(inherited)"
            );
            SWIFT_ACTIVE_COMPILATION_CONDITIONS = (
               "$(inherited)"
            );
            SWIFT_FORCE_DYNAMIC_LINK_STDLIB = "YES";
            SWIFT_FORCE_STATIC_LINK_STDLIB = "NO";
            SWIFT_VERSION = "4.0";
            TARGET_NAME = "Tools";
         };
         name = "Debug";
      };
      "OBJ_138" = {
         isa = "XCBuildConfiguration";
         baseConfigurationReference = "OBJ_8";
         buildSettings = {
            FRAMEWORK_SEARCH_PATHS = (
               "$(inherited)",
               "$(PLATFORM_DIR)/Developer/Library/Frameworks"
            );
            HEADER_SEARCH_PATHS = (
               "$(inherited)"
            );
            INFOPLIST_FILE = "main.xcodeproj/Tools_Info.plist";
            LD_RUNPATH_SEARCH_PATHS = (
               "$(inherited)",
               "$(TOOLCHAIN_DIR)/usr/lib/swift/macosx",
               "@executable_path"
            );
            OTHER_CFLAGS = (
               "$(inherited)"
            );
            OTHER_LDFLAGS = (
               "$(inherited)"
            );
            OTHER_SWIFT_FLAGS = (
               "$(inherited)"
            );
            SWIFT_ACTIVE_COMPILATION_CONDITIONS = (
               "$(inherited)"
            );
            SWIFT_FORCE_DYNAMIC_LINK_STDLIB = "YES";
            SWIFT_FORCE_STATIC_LINK_STDLIB = "NO";
            SWIFT_VERSION = "4.0";
            TARGET_NAME = "Tools";
         };
         name = "Release";
      };
      "OBJ_139" = {
         isa = "PBXSourcesBuildPhase";
         files = (
            "OBJ_140"
         );
      };
      "OBJ_14" = {
         isa = "PBXGroup";
         children = (
            "OBJ_15",
            "OBJ_16",
            "OBJ_17",
            "OBJ_18",
            "OBJ_19",
            "OBJ_20"
         );
         name = "SGLImage";
         path = ".build/checkouts/Image.git-1155573709365452726/Sources/SGLImage";
         sourceTree = "SOURCE_ROOT";
      };
      "OBJ_140" = {
         isa = "PBXBuildFile";
         fileRef = "OBJ_24";
      };
      "OBJ_141" = {
         isa = "PBXFrameworksBuildPhase";
         files = (
         );
      };
      "OBJ_143" = {
         isa = "XCConfigurationList";
         buildConfigurations = (
            "OBJ_144",
            "OBJ_145"
         );
         defaultConfigurationIsVisible = "0";
         defaultConfigurationName = "Release";
      };
      "OBJ_144" = {
         isa = "XCBuildConfiguration";
         baseConfigurationReference = "OBJ_8";
         buildSettings = {
            FRAMEWORK_SEARCH_PATHS = (
               "$(inherited)",
               "$(PLATFORM_DIR)/Developer/Library/Frameworks"
            );
            HEADER_SEARCH_PATHS = (
               "$(inherited)"
            );
            INFOPLIST_FILE = "main.xcodeproj/glgen_Info.plist";
            LD_RUNPATH_SEARCH_PATHS = (
               "$(inherited)",
               "$(TOOLCHAIN_DIR)/usr/lib/swift/macosx",
               "@executable_path"
            );
            OTHER_CFLAGS = (
               "$(inherited)"
            );
            OTHER_LDFLAGS = (
               "$(inherited)"
            );
            OTHER_SWIFT_FLAGS = (
               "$(inherited)"
            );
            SWIFT_ACTIVE_COMPILATION_CONDITIONS = (
               "$(inherited)"
            );
            SWIFT_FORCE_DYNAMIC_LINK_STDLIB = "YES";
            SWIFT_FORCE_STATIC_LINK_STDLIB = "NO";
            SWIFT_VERSION = "4.0";
            TARGET_NAME = "glgen";
         };
         name = "Debug";
      };
      "OBJ_145" = {
         isa = "XCBuildConfiguration";
         baseConfigurationReference = "OBJ_8";
         buildSettings = {
            FRAMEWORK_SEARCH_PATHS = (
               "$(inherited)",
               "$(PLATFORM_DIR)/Developer/Library/Frameworks"
            );
            HEADER_SEARCH_PATHS = (
               "$(inherited)"
            );
            INFOPLIST_FILE = "main.xcodeproj/glgen_Info.plist";
            LD_RUNPATH_SEARCH_PATHS = (
               "$(inherited)",
               "$(TOOLCHAIN_DIR)/usr/lib/swift/macosx",
               "@executable_path"
            );
            OTHER_CFLAGS = (
               "$(inherited)"
            );
            OTHER_LDFLAGS = (
               "$(inherited)"
            );
            OTHER_SWIFT_FLAGS = (
               "$(inherited)"
            );
            SWIFT_ACTIVE_COMPILATION_CONDITIONS = (
               "$(inherited)"
            );
            SWIFT_FORCE_DYNAMIC_LINK_STDLIB = "YES";
            SWIFT_FORCE_STATIC_LINK_STDLIB = "NO";
            SWIFT_VERSION = "4.0";
            TARGET_NAME = "glgen";
         };
         name = "Release";
      };
      "OBJ_146" = {
         isa = "PBXSourcesBuildPhase";
         files = (
            "OBJ_147"
         );
      };
      "OBJ_147" = {
         isa = "PBXBuildFile";
         fileRef = "OBJ_52";
      };
      "OBJ_148" = {
         isa = "PBXFrameworksBuildPhase";
         files = (
         );
      };
      "OBJ_15" = {
         isa = "PBXFileReference";
         path = "Image.swift";
         sourceTree = "<group>";
      };
      "OBJ_150" = {
         isa = "XCConfigurationList";
         buildConfigurations = (
            "OBJ_151",
            "OBJ_152"
         );
         defaultConfigurationIsVisible = "0";
         defaultConfigurationName = "Release";
      };
      "OBJ_151" = {
         isa = "XCBuildConfiguration";
         baseConfigurationReference = "OBJ_8";
         buildSettings = {
            FRAMEWORK_SEARCH_PATHS = (
               "$(inherited)",
               "$(PLATFORM_DIR)/Developer/Library/Frameworks"
            );
            HEADER_SEARCH_PATHS = (
               "$(inherited)",
               "$(SRCROOT)/.build/checkouts/CGLFW3.git--2877004883141247067"
            );
            INFOPLIST_FILE = "main.xcodeproj/main_Info.plist";
            LD_RUNPATH_SEARCH_PATHS = (
               "$(inherited)",
               "$(TOOLCHAIN_DIR)/usr/lib/swift/macosx",
               "@executable_path"
            );
            OTHER_CFLAGS = (
               "$(inherited)"
            );
            OTHER_LDFLAGS = (
               "$(inherited)"
            );
            OTHER_SWIFT_FLAGS = (
               "$(inherited)"
            );
            SWIFT_ACTIVE_COMPILATION_CONDITIONS = (
               "$(inherited)"
            );
            SWIFT_FORCE_DYNAMIC_LINK_STDLIB = "YES";
            SWIFT_FORCE_STATIC_LINK_STDLIB = "NO";
            SWIFT_VERSION = "3.0";
            TARGET_NAME = "main";
         };
         name = "Debug";
      };
      "OBJ_152" = {
         isa = "XCBuildConfiguration";
         baseConfigurationReference = "OBJ_8";
         buildSettings = {
            FRAMEWORK_SEARCH_PATHS = (
               "$(inherited)",
               "$(PLATFORM_DIR)/Developer/Library/Frameworks"
            );
            HEADER_SEARCH_PATHS = (
               "$(inherited)",
               "$(SRCROOT)/.build/checkouts/CGLFW3.git--2877004883141247067"
            );
            INFOPLIST_FILE = "main.xcodeproj/main_Info.plist";
            LD_RUNPATH_SEARCH_PATHS = (
               "$(inherited)",
               "$(TOOLCHAIN_DIR)/usr/lib/swift/macosx",
               "@executable_path"
            );
            OTHER_CFLAGS = (
               "$(inherited)"
            );
            OTHER_LDFLAGS = (
               "$(inherited)"
            );
            OTHER_SWIFT_FLAGS = (
               "$(inherited)"
            );
            SWIFT_ACTIVE_COMPILATION_CONDITIONS = (
               "$(inherited)"
            );
            SWIFT_FORCE_DYNAMIC_LINK_STDLIB = "YES";
            SWIFT_FORCE_STATIC_LINK_STDLIB = "NO";
            SWIFT_VERSION = "3.0";
            TARGET_NAME = "main";
         };
         name = "Release";
      };
      "OBJ_153" = {
         isa = "PBXSourcesBuildPhase";
         files = (
            "OBJ_154"
         );
      };
      "OBJ_154" = {
         isa = "PBXBuildFile";
         fileRef = "OBJ_10";
      };
      "OBJ_155" = {
         isa = "PBXFrameworksBuildPhase";
         files = (
            "OBJ_156",
            "OBJ_157",
            "OBJ_158"
         );
      };
      "OBJ_156" = {
         isa = "PBXBuildFile";
         fileRef = "SGLImage::SGLImage::Product";
      };
      "OBJ_157" = {
         isa = "PBXBuildFile";
         fileRef = "SGLMath::SGLMath::Product";
      };
      "OBJ_158" = {
         isa = "PBXBuildFile";
         fileRef = "SGLOpenGL::SGLOpenGL::Product";
      };
      "OBJ_159" = {
         isa = "PBXTargetDependency";
         target = "SGLImage::SGLImage";
      };
      "OBJ_16" = {
         isa = "PBXFileReference";
         path = "ImageBMP.swift";
         sourceTree = "<group>";
      };
      "OBJ_160" = {
         isa = "PBXTargetDependency";
         target = "SGLMath::Tools";
      };
      "OBJ_161" = {
         isa = "PBXTargetDependency";
         target = "SGLMath::SGLMath";
      };
      "OBJ_162" = {
         isa = "PBXTargetDependency";
         target = "SGLOpenGL::glgen";
      };
      "OBJ_163" = {
         isa = "PBXTargetDependency";
         target = "SGLOpenGL::SGLOpenGL";
      };
      "OBJ_165" = {
         isa = "XCConfigurationList";
         buildConfigurations = (
            "OBJ_166",
            "OBJ_167"
         );
         defaultConfigurationIsVisible = "0";
         defaultConfigurationName = "Release";
      };
      "OBJ_166" = {
         isa = "XCBuildConfiguration";
         buildSettings = {
            LD = "/usr/bin/true";
            OTHER_SWIFT_FLAGS = (
               "-swift-version",
               "3",
               "-I",
               "$(TOOLCHAIN_DIR)/usr/lib/swift/pm/3",
               "-target",
               "x86_64-apple-macosx10.10",
               "-sdk",
               "/Applications/Xcode.app/Contents/Developer/Platforms/MacOSX.platform/Developer/SDKs/MacOSX10.14.sdk"
            );
            SWIFT_VERSION = "3.0";
         };
         name = "Debug";
      };
      "OBJ_167" = {
         isa = "XCBuildConfiguration";
         buildSettings = {
            LD = "/usr/bin/true";
            OTHER_SWIFT_FLAGS = (
               "-swift-version",
               "3",
               "-I",
               "$(TOOLCHAIN_DIR)/usr/lib/swift/pm/3",
               "-target",
               "x86_64-apple-macosx10.10",
               "-sdk",
               "/Applications/Xcode.app/Contents/Developer/Platforms/MacOSX.platform/Developer/SDKs/MacOSX10.14.sdk"
            );
            SWIFT_VERSION = "3.0";
         };
         name = "Release";
      };
      "OBJ_168" = {
         isa = "PBXSourcesBuildPhase";
         files = (
            "OBJ_169"
         );
      };
      "OBJ_169" = {
         isa = "PBXBuildFile";
         fileRef = "OBJ_6";
      };
      "OBJ_17" = {
         isa = "PBXFileReference";
         path = "ImageGIF.swift";
         sourceTree = "<group>";
      };
      "OBJ_171" = {
         isa = "XCConfigurationList";
         buildConfigurations = (
            "OBJ_172",
            "OBJ_173"
         );
         defaultConfigurationIsVisible = "0";
         defaultConfigurationName = "Release";
      };
      "OBJ_172" = {
         isa = "XCBuildConfiguration";
         buildSettings = {
         };
         name = "Debug";
      };
      "OBJ_173" = {
         isa = "XCBuildConfiguration";
         buildSettings = {
         };
         name = "Release";
      };
      "OBJ_174" = {
         isa = "PBXTargetDependency";
         target = "SGLMath::Tools";
      };
      "OBJ_18" = {
         isa = "PBXFileReference";
         path = "ImageLoader.swift";
         sourceTree = "<group>";
      };
      "OBJ_19" = {
         isa = "PBXFileReference";
         path = "ImagePNG.swift";
         sourceTree = "<group>";
      };
      "OBJ_2" = {
         isa = "XCConfigurationList";
         buildConfigurations = (
            "OBJ_3",
            "OBJ_4"
         );
         defaultConfigurationIsVisible = "0";
         defaultConfigurationName = "Release";
      };
      "OBJ_20" = {
         isa = "PBXFileReference";
         path = "Inflate.swift";
         sourceTree = "<group>";
      };
      "OBJ_21" = {
         isa = "PBXFileReference";
         explicitFileType = "sourcecode.swift";
         name = "Package.swift";
         path = "/Users/pkondrashkov/Desktop/YetAnotherSwiftGL/.build/checkouts/Image.git-1155573709365452726/Package.swift";
         sourceTree = "<group>";
      };
      "OBJ_22" = {
         isa = "PBXGroup";
         children = (
            "OBJ_23",
            "OBJ_25",
            "OBJ_49"
         );
         name = "SGLMath 2.2.0";
         path = "";
         sourceTree = "SOURCE_ROOT";
      };
      "OBJ_23" = {
         isa = "PBXGroup";
         children = (
            "OBJ_24"
         );
         name = "Tools";
         path = ".build/checkouts/Math.git-3571851782949794462/Sources/Tools";
         sourceTree = "SOURCE_ROOT";
      };
      "OBJ_24" = {
         isa = "PBXFileReference";
         path = "main.swift";
         sourceTree = "<group>";
      };
      "OBJ_25" = {
         isa = "PBXGroup";
         children = (
            "OBJ_26",
            "OBJ_27",
            "OBJ_28",
            "OBJ_29",
            "OBJ_30",
            "OBJ_31",
            "OBJ_32",
            "OBJ_33",
            "OBJ_34",
            "OBJ_35",
            "OBJ_36",
            "OBJ_37",
            "OBJ_38",
            "OBJ_39",
            "OBJ_40",
            "OBJ_41",
            "OBJ_42",
            "OBJ_43",
            "OBJ_44",
            "OBJ_45",
            "OBJ_46",
            "OBJ_47",
            "OBJ_48"
         );
         name = "SGLMath";
         path = ".build/checkouts/Math.git-3571851782949794462/Sources/SGLMath";
         sourceTree = "SOURCE_ROOT";
      };
      "OBJ_26" = {
         isa = "PBXFileReference";
         path = "Complex.swift";
         sourceTree = "<group>";
      };
      "OBJ_27" = {
         isa = "PBXFileReference";
         path = "Internal.swift";
         sourceTree = "<group>";
      };
      "OBJ_28" = {
         isa = "PBXFileReference";
         path = "Matrix2x2.swift";
         sourceTree = "<group>";
      };
      "OBJ_29" = {
         isa = "PBXFileReference";
         path = "Matrix2x3.swift";
         sourceTree = "<group>";
      };
      "OBJ_3" = {
         isa = "XCBuildConfiguration";
         buildSettings = {
            CLANG_ENABLE_OBJC_ARC = "YES";
            COMBINE_HIDPI_IMAGES = "YES";
            COPY_PHASE_STRIP = "NO";
            DEBUG_INFORMATION_FORMAT = "dwarf";
            DYLIB_INSTALL_NAME_BASE = "@rpath";
            ENABLE_NS_ASSERTIONS = "YES";
            GCC_OPTIMIZATION_LEVEL = "0";
            GCC_PREPROCESSOR_DEFINITIONS = (
               "DEBUG=1",
               "$(inherited)"
            );
            MACOSX_DEPLOYMENT_TARGET = "10.10";
            ONLY_ACTIVE_ARCH = "YES";
            OTHER_SWIFT_FLAGS = (
               "-DXcode"
            );
            PRODUCT_NAME = "$(TARGET_NAME)";
            SDKROOT = "macosx";
            SUPPORTED_PLATFORMS = (
               "macosx",
               "iphoneos",
               "iphonesimulator",
               "appletvos",
               "appletvsimulator",
               "watchos",
               "watchsimulator"
            );
            SWIFT_ACTIVE_COMPILATION_CONDITIONS = (
               "SWIFT_PACKAGE",
               "DEBUG"
            );
            SWIFT_OPTIMIZATION_LEVEL = "-Onone";
            USE_HEADERMAP = "NO";
         };
         name = "Debug";
      };
      "OBJ_30" = {
         isa = "PBXFileReference";
         path = "Matrix2x4.swift";
         sourceTree = "<group>";
      };
      "OBJ_31" = {
         isa = "PBXFileReference";
         path = "Matrix3x2.swift";
         sourceTree = "<group>";
      };
      "OBJ_32" = {
         isa = "PBXFileReference";
         path = "Matrix3x3.swift";
         sourceTree = "<group>";
      };
      "OBJ_33" = {
         isa = "PBXFileReference";
         path = "Matrix3x4.swift";
         sourceTree = "<group>";
      };
      "OBJ_34" = {
         isa = "PBXFileReference";
         path = "Matrix4x2.swift";
         sourceTree = "<group>";
      };
      "OBJ_35" = {
         isa = "PBXFileReference";
         path = "Matrix4x3.swift";
         sourceTree = "<group>";
      };
      "OBJ_36" = {
         isa = "PBXFileReference";
         path = "Matrix4x4.swift";
         sourceTree = "<group>";
      };
      "OBJ_37" = {
         isa = "PBXFileReference";
         path = "Operators.swift";
         sourceTree = "<group>";
      };
      "OBJ_38" = {
         isa = "PBXFileReference";
         path = "Protocols.swift";
         sourceTree = "<group>";
      };
      "OBJ_39" = {
         isa = "PBXFileReference";
         path = "Quaternion.swift";
         sourceTree = "<group>";
      };
      "OBJ_4" = {
         isa = "XCBuildConfiguration";
         buildSettings = {
            CLANG_ENABLE_OBJC_ARC = "YES";
            COMBINE_HIDPI_IMAGES = "YES";
            COPY_PHASE_STRIP = "YES";
            DEBUG_INFORMATION_FORMAT = "dwarf-with-dsym";
            DYLIB_INSTALL_NAME_BASE = "@rpath";
            GCC_OPTIMIZATION_LEVEL = "s";
            MACOSX_DEPLOYMENT_TARGET = "10.10";
            OTHER_SWIFT_FLAGS = (
               "-DXcode"
            );
            PRODUCT_NAME = "$(TARGET_NAME)";
            SDKROOT = "macosx";
            SUPPORTED_PLATFORMS = (
               "macosx",
               "iphoneos",
               "iphonesimulator",
               "appletvos",
               "appletvsimulator",
               "watchos",
               "watchsimulator"
            );
            SWIFT_ACTIVE_COMPILATION_CONDITIONS = (
               "SWIFT_PACKAGE"
            );
            SWIFT_OPTIMIZATION_LEVEL = "-Owholemodule";
            USE_HEADERMAP = "NO";
         };
         name = "Release";
      };
      "OBJ_40" = {
         isa = "PBXFileReference";
         path = "Swizzle.swift";
         sourceTree = "<group>";
      };
      "OBJ_41" = {
         isa = "PBXFileReference";
         path = "Vector2.swift";
         sourceTree = "<group>";
      };
      "OBJ_42" = {
         isa = "PBXFileReference";
         path = "Vector2b.swift";
         sourceTree = "<group>";
      };
      "OBJ_43" = {
         isa = "PBXFileReference";
         path = "Vector3.swift";
         sourceTree = "<group>";
      };
      "OBJ_44" = {
         isa = "PBXFileReference";
         path = "Vector3b.swift";
         sourceTree = "<group>";
      };
      "OBJ_45" = {
         isa = "PBXFileReference";
         path = "Vector4.swift";
         sourceTree = "<group>";
      };
      "OBJ_46" = {
         isa = "PBXFileReference";
         path = "Vector4b.swift";
         sourceTree = "<group>";
      };
      "OBJ_47" = {
         isa = "PBXFileReference";
         path = "glm.swift";
         sourceTree = "<group>";
      };
      "OBJ_48" = {
         isa = "PBXFileReference";
         path = "glsl.swift";
         sourceTree = "<group>";
      };
      "OBJ_49" = {
         isa = "PBXFileReference";
         explicitFileType = "sourcecode.swift";
         name = "Package.swift";
         path = "/Users/pkondrashkov/Desktop/YetAnotherSwiftGL/.build/checkouts/Math.git-3571851782949794462/Package.swift";
         sourceTree = "<group>";
      };
      "OBJ_5" = {
         isa = "PBXGroup";
         children = (
            "OBJ_6",
            "OBJ_7",
            "OBJ_9",
            "OBJ_11",
            "OBJ_12",
            "OBJ_59"
         );
         path = "";
         sourceTree = "<group>";
      };
      "OBJ_50" = {
         isa = "PBXGroup";
         children = (
            "OBJ_51",
            "OBJ_53",
            "OBJ_58"
         );
         name = "SGLOpenGL 3.1.1";
         path = "";
         sourceTree = "SOURCE_ROOT";
      };
      "OBJ_51" = {
         isa = "PBXGroup";
         children = (
            "OBJ_52"
         );
         name = "glgen";
         path = ".build/checkouts/OpenGL.git--9048097052863602713/Sources/glgen";
         sourceTree = "SOURCE_ROOT";
      };
      "OBJ_52" = {
         isa = "PBXFileReference";
         path = "main.swift";
         sourceTree = "<group>";
      };
      "OBJ_53" = {
         isa = "PBXGroup";
         children = (
            "OBJ_54",
            "OBJ_55",
            "OBJ_56",
            "OBJ_57"
         );
         name = "SGLOpenGL";
         path = ".build/checkouts/OpenGL.git--9048097052863602713/Sources/SGLOpenGL";
         sourceTree = "SOURCE_ROOT";
      };
      "OBJ_54" = {
         isa = "PBXFileReference";
         path = "Commands.swift";
         sourceTree = "<group>";
      };
      "OBJ_55" = {
         isa = "PBXFileReference";
         path = "Constants.swift";
         sourceTree = "<group>";
      };
      "OBJ_56" = {
         isa = "PBXFileReference";
         path = "Loaders.swift";
         sourceTree = "<group>";
      };
      "OBJ_57" = {
         isa = "PBXFileReference";
         path = "SwiftGL.swift";
         sourceTree = "<group>";
      };
      "OBJ_58" = {
         isa = "PBXFileReference";
         explicitFileType = "sourcecode.swift";
         name = "Package.swift";
         path = "/Users/pkondrashkov/Desktop/YetAnotherSwiftGL/.build/checkouts/OpenGL.git--9048097052863602713/Package.swift";
         sourceTree = "<group>";
      };
      "OBJ_59" = {
         isa = "PBXGroup";
         children = (
            "SGLMath::Tools::Product",
            "main::main::Product",
            "SGLOpenGL::SGLOpenGL::Product",
            "SGLMath::SGLMath::Product",
            "SGLOpenGL::glgen::Product",
            "SGLImage::SGLImage::Product"
         );
         name = "Products";
         path = "";
         sourceTree = "BUILT_PRODUCTS_DIR";
      };
      "OBJ_6" = {
         isa = "PBXFileReference";
         explicitFileType = "sourcecode.swift";
         path = "Package.swift";
         sourceTree = "<group>";
      };
      "OBJ_67" = {
         isa = "XCConfigurationList";
         buildConfigurations = (
            "OBJ_68",
            "OBJ_69"
         );
         defaultConfigurationIsVisible = "0";
         defaultConfigurationName = "Release";
      };
      "OBJ_68" = {
         isa = "XCBuildConfiguration";
         baseConfigurationReference = "OBJ_8";
         buildSettings = {
            ENABLE_TESTABILITY = "YES";
            FRAMEWORK_SEARCH_PATHS = (
               "$(inherited)",
               "$(PLATFORM_DIR)/Developer/Library/Frameworks"
            );
            HEADER_SEARCH_PATHS = (
               "$(inherited)"
            );
            INFOPLIST_FILE = "main.xcodeproj/SGLImage_Info.plist";
            LD_RUNPATH_SEARCH_PATHS = (
               "$(inherited)",
               "$(TOOLCHAIN_DIR)/usr/lib/swift/macosx"
            );
            OTHER_CFLAGS = (
               "$(inherited)"
            );
            OTHER_LDFLAGS = (
               "$(inherited)"
            );
            OTHER_SWIFT_FLAGS = (
               "$(inherited)"
            );
            PRODUCT_BUNDLE_IDENTIFIER = "SGLImage";
            PRODUCT_MODULE_NAME = "$(TARGET_NAME:c99extidentifier)";
            PRODUCT_NAME = "$(TARGET_NAME:c99extidentifier)";
            SKIP_INSTALL = "YES";
            SWIFT_ACTIVE_COMPILATION_CONDITIONS = (
               "$(inherited)"
            );
            SWIFT_VERSION = "4.0";
            TARGET_NAME = "SGLImage";
         };
         name = "Debug";
      };
      "OBJ_69" = {
         isa = "XCBuildConfiguration";
         baseConfigurationReference = "OBJ_8";
         buildSettings = {
            ENABLE_TESTABILITY = "YES";
            FRAMEWORK_SEARCH_PATHS = (
               "$(inherited)",
               "$(PLATFORM_DIR)/Developer/Library/Frameworks"
            );
            HEADER_SEARCH_PATHS = (
               "$(inherited)"
            );
            INFOPLIST_FILE = "main.xcodeproj/SGLImage_Info.plist";
            LD_RUNPATH_SEARCH_PATHS = (
               "$(inherited)",
               "$(TOOLCHAIN_DIR)/usr/lib/swift/macosx"
            );
            OTHER_CFLAGS = (
               "$(inherited)"
            );
            OTHER_LDFLAGS = (
               "$(inherited)"
            );
            OTHER_SWIFT_FLAGS = (
               "$(inherited)"
            );
            PRODUCT_BUNDLE_IDENTIFIER = "SGLImage";
            PRODUCT_MODULE_NAME = "$(TARGET_NAME:c99extidentifier)";
            PRODUCT_NAME = "$(TARGET_NAME:c99extidentifier)";
            SKIP_INSTALL = "YES";
            SWIFT_ACTIVE_COMPILATION_CONDITIONS = (
               "$(inherited)"
            );
            SWIFT_VERSION = "4.0";
            TARGET_NAME = "SGLImage";
         };
         name = "Release";
      };
      "OBJ_7" = {
         isa = "PBXGroup";
         children = (
            "OBJ_8"
         );
         name = "Configs";
         path = "";
         sourceTree = "<group>";
      };
      "OBJ_70" = {
         isa = "PBXSourcesBuildPhase";
         files = (
            "OBJ_71",
            "OBJ_72",
            "OBJ_73",
            "OBJ_74",
            "OBJ_75",
            "OBJ_76"
         );
      };
      "OBJ_71" = {
         isa = "PBXBuildFile";
         fileRef = "OBJ_15";
      };
      "OBJ_72" = {
         isa = "PBXBuildFile";
         fileRef = "OBJ_16";
      };
      "OBJ_73" = {
         isa = "PBXBuildFile";
         fileRef = "OBJ_17";
      };
      "OBJ_74" = {
         isa = "PBXBuildFile";
         fileRef = "OBJ_18";
      };
      "OBJ_75" = {
         isa = "PBXBuildFile";
         fileRef = "OBJ_19";
      };
      "OBJ_76" = {
         isa = "PBXBuildFile";
         fileRef = "OBJ_20";
      };
      "OBJ_77" = {
         isa = "PBXFrameworksBuildPhase";
         files = (
         );
      };
      "OBJ_79" = {
         isa = "XCConfigurationList";
         buildConfigurations = (
            "OBJ_80",
            "OBJ_81"
         );
         defaultConfigurationIsVisible = "0";
         defaultConfigurationName = "Release";
      };
      "OBJ_8" = {
         isa = "PBXFileReference";
         path = "Package.xcconfig";
         sourceTree = "<group>";
      };
      "OBJ_80" = {
         isa = "XCBuildConfiguration";
         buildSettings = {
            LD = "/usr/bin/true";
            OTHER_SWIFT_FLAGS = (
               "-swift-version",
               "4",
               "-I",
               "$(TOOLCHAIN_DIR)/usr/lib/swift/pm/4",
               "-target",
               "x86_64-apple-macosx10.10",
               "-sdk",
               "/Applications/Xcode.app/Contents/Developer/Platforms/MacOSX.platform/Developer/SDKs/MacOSX10.14.sdk"
            );
            SWIFT_VERSION = "4.0";
         };
         name = "Debug";
      };
      "OBJ_81" = {
         isa = "XCBuildConfiguration";
         buildSettings = {
            LD = "/usr/bin/true";
            OTHER_SWIFT_FLAGS = (
               "-swift-version",
               "4",
               "-I",
               "$(TOOLCHAIN_DIR)/usr/lib/swift/pm/4",
               "-target",
               "x86_64-apple-macosx10.10",
               "-sdk",
               "/Applications/Xcode.app/Contents/Developer/Platforms/MacOSX.platform/Developer/SDKs/MacOSX10.14.sdk"
            );
            SWIFT_VERSION = "4.0";
         };
         name = "Release";
      };
      "OBJ_82" = {
         isa = "PBXSourcesBuildPhase";
         files = (
            "OBJ_83"
         );
      };
      "OBJ_83" = {
         isa = "PBXBuildFile";
         fileRef = "OBJ_21";
      };
      "OBJ_85" = {
         isa = "XCConfigurationList";
         buildConfigurations = (
            "OBJ_86",
            "OBJ_87"
         );
         defaultConfigurationIsVisible = "0";
         defaultConfigurationName = "Release";
      };
      "OBJ_86" = {
         isa = "XCBuildConfiguration";
         baseConfigurationReference = "OBJ_8";
         buildSettings = {
            ENABLE_TESTABILITY = "YES";
            FRAMEWORK_SEARCH_PATHS = (
               "$(inherited)",
               "$(PLATFORM_DIR)/Developer/Library/Frameworks"
            );
            HEADER_SEARCH_PATHS = (
               "$(inherited)"
            );
            INFOPLIST_FILE = "main.xcodeproj/SGLMath_Info.plist";
            LD_RUNPATH_SEARCH_PATHS = (
               "$(inherited)",
               "$(TOOLCHAIN_DIR)/usr/lib/swift/macosx"
            );
            OTHER_CFLAGS = (
               "$(inherited)"
            );
            OTHER_LDFLAGS = (
               "$(inherited)"
            );
            OTHER_SWIFT_FLAGS = (
               "$(inherited)"
            );
            PRODUCT_BUNDLE_IDENTIFIER = "SGLMath";
            PRODUCT_MODULE_NAME = "$(TARGET_NAME:c99extidentifier)";
            PRODUCT_NAME = "$(TARGET_NAME:c99extidentifier)";
            SKIP_INSTALL = "YES";
            SWIFT_ACTIVE_COMPILATION_CONDITIONS = (
               "$(inherited)"
            );
            SWIFT_VERSION = "4.0";
            TARGET_NAME = "SGLMath";
         };
         name = "Debug";
      };
      "OBJ_87" = {
         isa = "XCBuildConfiguration";
         baseConfigurationReference = "OBJ_8";
         buildSettings = {
            ENABLE_TESTABILITY = "YES";
            FRAMEWORK_SEARCH_PATHS = (
               "$(inherited)",
               "$(PLATFORM_DIR)/Developer/Library/Frameworks"
            );
            HEADER_SEARCH_PATHS = (
               "$(inherited)"
            );
            INFOPLIST_FILE = "main.xcodeproj/SGLMath_Info.plist";
            LD_RUNPATH_SEARCH_PATHS = (
               "$(inherited)",
               "$(TOOLCHAIN_DIR)/usr/lib/swift/macosx"
            );
            OTHER_CFLAGS = (
               "$(inherited)"
            );
            OTHER_LDFLAGS = (
               "$(inherited)"
            );
            OTHER_SWIFT_FLAGS = (
               "$(inherited)"
            );
            PRODUCT_BUNDLE_IDENTIFIER = "SGLMath";
            PRODUCT_MODULE_NAME = "$(TARGET_NAME:c99extidentifier)";
            PRODUCT_NAME = "$(TARGET_NAME:c99extidentifier)";
            SKIP_INSTALL = "YES";
            SWIFT_ACTIVE_COMPILATION_CONDITIONS = (
               "$(inherited)"
            );
            SWIFT_VERSION = "4.0";
            TARGET_NAME = "SGLMath";
         };
         name = "Release";
      };
      "OBJ_88" = {
         isa = "PBXSourcesBuildPhase";
         files = (
            "OBJ_89",
            "OBJ_90",
            "OBJ_91",
            "OBJ_92",
            "OBJ_93",
            "OBJ_94",
            "OBJ_95",
            "OBJ_96",
            "OBJ_97",
            "OBJ_98",
            "OBJ_99",
            "OBJ_100",
            "OBJ_101",
            "OBJ_102",
            "OBJ_103",
            "OBJ_104",
            "OBJ_105",
            "OBJ_106",
            "OBJ_107",
            "OBJ_108",
            "OBJ_109",
            "OBJ_110",
            "OBJ_111"
         );
      };
      "OBJ_89" = {
         isa = "PBXBuildFile";
         fileRef = "OBJ_26";
      };
      "OBJ_9" = {
         isa = "PBXGroup";
         children = (
            "OBJ_10"
         );
         name = "Sources";
         path = "";
         sourceTree = "SOURCE_ROOT";
      };
      "OBJ_90" = {
         isa = "PBXBuildFile";
         fileRef = "OBJ_27";
      };
      "OBJ_91" = {
         isa = "PBXBuildFile";
         fileRef = "OBJ_28";
      };
      "OBJ_92" = {
         isa = "PBXBuildFile";
         fileRef = "OBJ_29";
      };
      "OBJ_93" = {
         isa = "PBXBuildFile";
         fileRef = "OBJ_30";
      };
      "OBJ_94" = {
         isa = "PBXBuildFile";
         fileRef = "OBJ_31";
      };
      "OBJ_95" = {
         isa = "PBXBuildFile";
         fileRef = "OBJ_32";
      };
      "OBJ_96" = {
         isa = "PBXBuildFile";
         fileRef = "OBJ_33";
      };
      "OBJ_97" = {
         isa = "PBXBuildFile";
         fileRef = "OBJ_34";
      };
      "OBJ_98" = {
         isa = "PBXBuildFile";
         fileRef = "OBJ_35";
      };
      "OBJ_99" = {
         isa = "PBXBuildFile";
         fileRef = "OBJ_36";
      };
      "SGLImage::SGLImage" = {
         isa = "PBXNativeTarget";
         buildConfigurationList = "OBJ_67";
         buildPhases = (
            "OBJ_70",
            "OBJ_77"
         );
         dependencies = (
         );
         name = "SGLImage";
         productName = "SGLImage";
         productReference = "SGLImage::SGLImage::Product";
         productType = "com.apple.product-type.framework";
      };
      "SGLImage::SGLImage::Product" = {
         isa = "PBXFileReference";
         path = "SGLImage.framework";
         sourceTree = "BUILT_PRODUCTS_DIR";
      };
      "SGLImage::SwiftPMPackageDescription" = {
         isa = "PBXNativeTarget";
         buildConfigurationList = "OBJ_79";
         buildPhases = (
            "OBJ_82"
         );
         dependencies = (
         );
         name = "SGLImagePackageDescription";
         productName = "SGLImagePackageDescription";
         productType = "com.apple.product-type.framework";
      };
      "SGLMath::SGLMath" = {
         isa = "PBXNativeTarget";
         buildConfigurationList = "OBJ_85";
         buildPhases = (
            "OBJ_88",
            "OBJ_112"
         );
         dependencies = (
         );
         name = "SGLMath";
         productName = "SGLMath";
         productReference = "SGLMath::SGLMath::Product";
         productType = "com.apple.product-type.framework";
      };
      "SGLMath::SGLMath::Product" = {
         isa = "PBXFileReference";
         path = "SGLMath.framework";
         sourceTree = "BUILT_PRODUCTS_DIR";
      };
      "SGLMath::SwiftPMPackageDescription" = {
         isa = "PBXNativeTarget";
         buildConfigurationList = "OBJ_114";
         buildPhases = (
            "OBJ_117"
         );
         dependencies = (
         );
         name = "SGLMathPackageDescription";
         productName = "SGLMathPackageDescription";
         productType = "com.apple.product-type.framework";
      };
      "SGLMath::Tools" = {
         isa = "PBXNativeTarget";
         buildConfigurationList = "OBJ_136";
         buildPhases = (
            "OBJ_139",
            "OBJ_141"
         );
         dependencies = (
         );
         name = "Tools";
         productName = "Tools";
         productReference = "SGLMath::Tools::Product";
         productType = "com.apple.product-type.tool";
      };
      "SGLMath::Tools::Product" = {
         isa = "PBXFileReference";
         path = "Tools";
         sourceTree = "BUILT_PRODUCTS_DIR";
      };
      "SGLMath::swizgen::ProductTarget" = {
         isa = "PBXAggregateTarget";
         buildConfigurationList = "OBJ_171";
         buildPhases = (
         );
         dependencies = (
            "OBJ_174"
         );
         name = "swizgen";
         productName = "swizgen";
      };
      "SGLOpenGL::SGLOpenGL" = {
         isa = "PBXNativeTarget";
         buildConfigurationList = "OBJ_120";
         buildPhases = (
            "OBJ_123",
            "OBJ_128"
         );
         dependencies = (
         );
         name = "SGLOpenGL";
         productName = "SGLOpenGL";
         productReference = "SGLOpenGL::SGLOpenGL::Product";
         productType = "com.apple.product-type.framework";
      };
      "SGLOpenGL::SGLOpenGL::Product" = {
         isa = "PBXFileReference";
         path = "SGLOpenGL.framework";
         sourceTree = "BUILT_PRODUCTS_DIR";
      };
      "SGLOpenGL::SwiftPMPackageDescription" = {
         isa = "PBXNativeTarget";
         buildConfigurationList = "OBJ_130";
         buildPhases = (
            "OBJ_133"
         );
         dependencies = (
         );
         name = "SGLOpenGLPackageDescription";
         productName = "SGLOpenGLPackageDescription";
         productType = "com.apple.product-type.framework";
      };
      "SGLOpenGL::glgen" = {
         isa = "PBXNativeTarget";
         buildConfigurationList = "OBJ_143";
         buildPhases = (
            "OBJ_146",
            "OBJ_148"
         );
         dependencies = (
         );
         name = "glgen";
         productName = "glgen";
         productReference = "SGLOpenGL::glgen::Product";
         productType = "com.apple.product-type.tool";
      };
      "SGLOpenGL::glgen::Product" = {
         isa = "PBXFileReference";
         path = "glgen";
         sourceTree = "BUILT_PRODUCTS_DIR";
      };
      "main::SwiftPMPackageDescription" = {
         isa = "PBXNativeTarget";
         buildConfigurationList = "OBJ_165";
         buildPhases = (
            "OBJ_168"
         );
         dependencies = (
         );
         name = "mainPackageDescription";
         productName = "mainPackageDescription";
         productType = "com.apple.product-type.framework";
      };
      "main::main" = {
         isa = "PBXNativeTarget";
         buildConfigurationList = "OBJ_150";
         buildPhases = (
            "OBJ_153",
            "OBJ_155"
         );
         dependencies = (
            "OBJ_159",
            "OBJ_160",
            "OBJ_161",
            "OBJ_162",
            "OBJ_163"
         );
         name = "main";
         productName = "main";
         productReference = "main::main::Product";
         productType = "com.apple.product-type.tool";
      };
      "main::main::Product" = {
         isa = "PBXFileReference";
         path = "main";
         sourceTree = "BUILT_PRODUCTS_DIR";
      };
   };
   rootObject = "OBJ_1";
}
